
Microsoft Visual Studio Solution File, Format Version 12.00
# Visual Studio Version 17
VisualStudioVersion = 17.6.33815.320
MinimumVisualStudioVersion = 10.0.40219.1
Project("{FAE04EC0-301F-11D3-BF4B-00C04F79EFBC}") = "prak 6", "prak 6\prak 6.csproj", "{374DAE8D-5473-4E11-81FF-39C6D87BA2D2}"
EndProject
Global
	GlobalSection(SolutionConfigurationPlatforms) = preSolution
		Debug|Any CPU = Debug|Any CPU
		Release|Any CPU = Release|Any CPU
	EndGlobalSection
	GlobalSection(ProjectConfigurationPlatforms) = postSolution
		{374DAE8D-5473-4E11-81FF-39C6D87BA2D2}.Debug|Any CPU.ActiveCfg = Debug|Any CPU
		{374DAE8D-5473-4E11-81FF-39C6D87BA2D2}.Debug|Any CPU.Build.0 = Debug|Any CPU
		{374DAE8D-5473-4E11-81FF-39C6D87BA2D2}.Release|Any CPU.ActiveCfg = Release|Any CPU
		{374DAE8D-5473-4E11-81FF-39C6D87BA2D2}.Release|Any CPU.Build.0 = Release|Any CPU
	EndGlobalSection
	GlobalSection(SolutionProperties) = preSolution
		HideSolutionNode = FALSE
	EndGlobalSection
	GlobalSection(ExtensibilityGlobals) = postSolution
		SolutionGuid = {07D5874C-41DD-4AE2-A378-D9D53BF54789}
	EndGlobalSection
EndGlobal
